// !$*UTF8*$!
{
	archiveVersion = 1;
	classes = {
	};
	objectVersion = 54;
	objects = {

/* Begin PBXBuildFile section */
		74467F302C1CB1B300CADD4A /* DetailView.swift in Sources */ = {isa = PBXBuildFile; fileRef = 74467F2F2C1CB1B300CADD4A /* DetailView.swift */; };
		74467F322C1CB22D00CADD4A /* BoundingBox.swift in Sources */ = {isa = PBXBuildFile; fileRef = 74467F312C1CB22D00CADD4A /* BoundingBox.swift */; };
		74521B322C3057820047E82E /* RenderQueue.swift in Sources */ = {isa = PBXBuildFile; fileRef = 74521B312C30576E0047E82E /* RenderQueue.swift */; };
		74521B342C305E820047E82E /* ConfigurationView.swift in Sources */ = {isa = PBXBuildFile; fileRef = 74521B332C305E820047E82E /* ConfigurationView.swift */; };
		74521B362C305E8F0047E82E /* BoundingBoxSetupView.swift in Sources */ = {isa = PBXBuildFile; fileRef = 74521B352C305E8F0047E82E /* BoundingBoxSetupView.swift */; };
		74521B382C305EAB0047E82E /* InputView.swift in Sources */ = {isa = PBXBuildFile; fileRef = 74521B372C305EAB0047E82E /* InputView.swift */; };
		74521B3D2C3067560047E82E /* NotificationCenter.swift in Sources */ = {isa = PBXBuildFile; fileRef = 74521B3C2C3067560047E82E /* NotificationCenter.swift */; };
		745C3E842C1927B300C0BE07 /* PizzaPhotogrammetryApp.swift in Sources */ = {isa = PBXBuildFile; fileRef = 745C3E832C1927B300C0BE07 /* PizzaPhotogrammetryApp.swift */; };
		745C3E862C1927B300C0BE07 /* ItemsToModelSplitView.swift in Sources */ = {isa = PBXBuildFile; fileRef = 745C3E852C1927B300C0BE07 /* ItemsToModelSplitView.swift */; };
		745C3E882C1927B300C0BE07 /* PhotogrammetryFolder.swift in Sources */ = {isa = PBXBuildFile; fileRef = 745C3E872C1927B300C0BE07 /* PhotogrammetryFolder.swift */; };
		745C3E8A2C1927B400C0BE07 /* Assets.xcassets in Resources */ = {isa = PBXBuildFile; fileRef = 745C3E892C1927B400C0BE07 /* Assets.xcassets */; };
		745C3E8D2C1927B400C0BE07 /* Preview Assets.xcassets in Resources */ = {isa = PBXBuildFile; fileRef = 745C3E8C2C1927B400C0BE07 /* Preview Assets.xcassets */; };
		745C3E982C1927B400C0BE07 /* PizzaPhotogrammetryTests.swift in Sources */ = {isa = PBXBuildFile; fileRef = 745C3E972C1927B400C0BE07 /* PizzaPhotogrammetryTests.swift */; };
		745C3EA22C1927B500C0BE07 /* PizzaPhotogrammetryUITests.swift in Sources */ = {isa = PBXBuildFile; fileRef = 745C3EA12C1927B500C0BE07 /* PizzaPhotogrammetryUITests.swift */; };
		745C3EA42C1927B500C0BE07 /* PizzaPhotogrammetryUITestsLaunchTests.swift in Sources */ = {isa = PBXBuildFile; fileRef = 745C3EA32C1927B500C0BE07 /* PizzaPhotogrammetryUITestsLaunchTests.swift */; };
		745C3EAE2C1927BD00C0BE07 /* Photogrammetry.swift in Sources */ = {isa = PBXBuildFile; fileRef = 745060C32C18EBED009BAAD7 /* Photogrammetry.swift */; };
		7463576F2C1C9DEF005E54E1 /* Model.usdz in Resources */ = {isa = PBXBuildFile; fileRef = 7463576E2C1C9DEF005E54E1 /* Model.usdz */; };
		746FCE5C2C22225900F5E4BC /* PizzaSceneView.swift in Sources */ = {isa = PBXBuildFile; fileRef = 746FCE5B2C22225900F5E4BC /* PizzaSceneView.swift */; };
		74C64C582C28F92C00A81DB5 /* PizzaScene.swift in Sources */ = {isa = PBXBuildFile; fileRef = 74C64C572C28F92C00A81DB5 /* PizzaScene.swift */; };
		74E0D6332C19F676008E1E77 /* ModelProgressView.swift in Sources */ = {isa = PBXBuildFile; fileRef = 74E0D6322C19F676008E1E77 /* ModelProgressView.swift */; };
		74E0D6352C19F681008E1E77 /* NavigationCell.swift in Sources */ = {isa = PBXBuildFile; fileRef = 74E0D6342C19F681008E1E77 /* NavigationCell.swift */; };
		74E0D6382C19F6CB008E1E77 /* ProcesssingView.swift in Sources */ = {isa = PBXBuildFile; fileRef = 74E0D6372C19F6CB008E1E77 /* ProcesssingView.swift */; };
		7B35773B261560A700EC1A97 /* ArgumentParser in Frameworks */ = {isa = PBXBuildFile; productRef = 7B35773A261560A700EC1A97 /* ArgumentParser */; };
/* End PBXBuildFile section */

/* Begin PBXContainerItemProxy section */
		745C3E942C1927B400C0BE07 /* PBXContainerItemProxy */ = {
			isa = PBXContainerItemProxy;
			containerPortal = 7B35772726155F6900EC1A97 /* Project object */;
			proxyType = 1;
			remoteGlobalIDString = 745C3E802C1927B300C0BE07;
			remoteInfo = PizzaPhotogrammetry;
		};
		745C3E9E2C1927B400C0BE07 /* PBXContainerItemProxy */ = {
			isa = PBXContainerItemProxy;
			containerPortal = 7B35772726155F6900EC1A97 /* Project object */;
			proxyType = 1;
			remoteGlobalIDString = 745C3E802C1927B300C0BE07;
			remoteInfo = PizzaPhotogrammetry;
		};
/* End PBXContainerItemProxy section */

/* Begin PBXCopyFilesBuildPhase section */
		7B35772D26155F6900EC1A97 /* CopyFiles */ = {
			isa = PBXCopyFilesBuildPhase;
			buildActionMask = 2147483647;
			dstPath = /usr/share/man/man1/;
			dstSubfolderSpec = 0;
			files = (
			);
			runOnlyForDeploymentPostprocessing = 1;
		};
/* End PBXCopyFilesBuildPhase section */

/* Begin PBXFileReference section */
		3AACFD8D2CBD36EDA66607F9 /* LICENSE.txt */ = {isa = PBXFileReference; includeInIndex = 1; lastKnownFileType = text; path = LICENSE.txt; sourceTree = "<group>"; };
		662F77A0D8C65CF208ABB917 /* ACKNOWLEDGEMENTS.txt */ = {isa = PBXFileReference; includeInIndex = 1; lastKnownFileType = text; path = ACKNOWLEDGEMENTS.txt; sourceTree = "<group>"; };
		7365C4E25C9381B7EBEE3701 /* SampleCode.xcconfig */ = {isa = PBXFileReference; lastKnownFileType = text.xcconfig; name = SampleCode.xcconfig; path = Configuration/SampleCode.xcconfig; sourceTree = "<group>"; };
		74467F2F2C1CB1B300CADD4A /* DetailView.swift */ = {isa = PBXFileReference; lastKnownFileType = sourcecode.swift; path = DetailView.swift; sourceTree = "<group>"; };
		74467F312C1CB22D00CADD4A /* BoundingBox.swift */ = {isa = PBXFileReference; lastKnownFileType = sourcecode.swift; path = BoundingBox.swift; sourceTree = "<group>"; };
		745060C32C18EBED009BAAD7 /* Photogrammetry.swift */ = {isa = PBXFileReference; lastKnownFileType = sourcecode.swift; path = Photogrammetry.swift; sourceTree = "<group>"; };
		74521B312C30576E0047E82E /* RenderQueue.swift */ = {isa = PBXFileReference; lastKnownFileType = sourcecode.swift; path = RenderQueue.swift; sourceTree = "<group>"; };
		74521B332C305E820047E82E /* ConfigurationView.swift */ = {isa = PBXFileReference; lastKnownFileType = sourcecode.swift; path = ConfigurationView.swift; sourceTree = "<group>"; };
		74521B352C305E8F0047E82E /* BoundingBoxSetupView.swift */ = {isa = PBXFileReference; lastKnownFileType = sourcecode.swift; path = BoundingBoxSetupView.swift; sourceTree = "<group>"; };
		74521B372C305EAB0047E82E /* InputView.swift */ = {isa = PBXFileReference; lastKnownFileType = sourcecode.swift; path = InputView.swift; sourceTree = "<group>"; };
		74521B3C2C3067560047E82E /* NotificationCenter.swift */ = {isa = PBXFileReference; lastKnownFileType = sourcecode.swift; path = NotificationCenter.swift; sourceTree = "<group>"; };
		745C3E812C1927B300C0BE07 /* PizzaPhotogrammetry.app */ = {isa = PBXFileReference; explicitFileType = wrapper.application; includeInIndex = 0; path = PizzaPhotogrammetry.app; sourceTree = BUILT_PRODUCTS_DIR; };
		745C3E832C1927B300C0BE07 /* PizzaPhotogrammetryApp.swift */ = {isa = PBXFileReference; lastKnownFileType = sourcecode.swift; path = PizzaPhotogrammetryApp.swift; sourceTree = "<group>"; };
		745C3E852C1927B300C0BE07 /* ItemsToModelSplitView.swift */ = {isa = PBXFileReference; lastKnownFileType = sourcecode.swift; path = ItemsToModelSplitView.swift; sourceTree = "<group>"; };
		745C3E872C1927B300C0BE07 /* PhotogrammetryFolder.swift */ = {isa = PBXFileReference; lastKnownFileType = sourcecode.swift; path = PhotogrammetryFolder.swift; sourceTree = "<group>"; };
		745C3E892C1927B400C0BE07 /* Assets.xcassets */ = {isa = PBXFileReference; lastKnownFileType = folder.assetcatalog; path = Assets.xcassets; sourceTree = "<group>"; };
		745C3E8C2C1927B400C0BE07 /* Preview Assets.xcassets */ = {isa = PBXFileReference; lastKnownFileType = folder.assetcatalog; path = "Preview Assets.xcassets"; sourceTree = "<group>"; };
		745C3E8E2C1927B400C0BE07 /* PizzaPhotogrammetry.entitlements */ = {isa = PBXFileReference; lastKnownFileType = text.plist.entitlements; path = PizzaPhotogrammetry.entitlements; sourceTree = "<group>"; };
		745C3E932C1927B400C0BE07 /* PizzaPhotogrammetryTests.xctest */ = {isa = PBXFileReference; explicitFileType = wrapper.cfbundle; includeInIndex = 0; path = PizzaPhotogrammetryTests.xctest; sourceTree = BUILT_PRODUCTS_DIR; };
		745C3E972C1927B400C0BE07 /* PizzaPhotogrammetryTests.swift */ = {isa = PBXFileReference; lastKnownFileType = sourcecode.swift; path = PizzaPhotogrammetryTests.swift; sourceTree = "<group>"; };
		745C3E9D2C1927B400C0BE07 /* PizzaPhotogrammetryUITests.xctest */ = {isa = PBXFileReference; explicitFileType = wrapper.cfbundle; includeInIndex = 0; path = PizzaPhotogrammetryUITests.xctest; sourceTree = BUILT_PRODUCTS_DIR; };
		745C3EA12C1927B500C0BE07 /* PizzaPhotogrammetryUITests.swift */ = {isa = PBXFileReference; lastKnownFileType = sourcecode.swift; path = PizzaPhotogrammetryUITests.swift; sourceTree = "<group>"; };
		745C3EA32C1927B500C0BE07 /* PizzaPhotogrammetryUITestsLaunchTests.swift */ = {isa = PBXFileReference; lastKnownFileType = sourcecode.swift; path = PizzaPhotogrammetryUITestsLaunchTests.swift; sourceTree = "<group>"; };
		7463576E2C1C9DEF005E54E1 /* Model.usdz */ = {isa = PBXFileReference; lastKnownFileType = file.usdz; path = Model.usdz; sourceTree = "<group>"; };
		746FCE5B2C22225900F5E4BC /* PizzaSceneView.swift */ = {isa = PBXFileReference; lastKnownFileType = sourcecode.swift; path = PizzaSceneView.swift; sourceTree = "<group>"; };
		74C64C572C28F92C00A81DB5 /* PizzaScene.swift */ = {isa = PBXFileReference; lastKnownFileType = sourcecode.swift; path = PizzaScene.swift; sourceTree = "<group>"; };
		74E0D6322C19F676008E1E77 /* ModelProgressView.swift */ = {isa = PBXFileReference; lastKnownFileType = sourcecode.swift; path = ModelProgressView.swift; sourceTree = "<group>"; };
		74E0D6342C19F681008E1E77 /* NavigationCell.swift */ = {isa = PBXFileReference; lastKnownFileType = sourcecode.swift; path = NavigationCell.swift; sourceTree = "<group>"; };
		74E0D6372C19F6CB008E1E77 /* ProcesssingView.swift */ = {isa = PBXFileReference; lastKnownFileType = sourcecode.swift; path = ProcesssingView.swift; sourceTree = "<group>"; };
		7B35772F26155F6900EC1A97 /* HelloPhotogrammetry */ = {isa = PBXFileReference; explicitFileType = "compiled.mach-o.executable"; includeInIndex = 0; path = HelloPhotogrammetry; sourceTree = BUILT_PRODUCTS_DIR; };
		7B357763261566B200EC1A97 /* README.md */ = {isa = PBXFileReference; fileEncoding = 4; lastKnownFileType = net.daringfireball.markdown; path = README.md; sourceTree = "<group>"; };
/* End PBXFileReference section */

/* Begin PBXFrameworksBuildPhase section */
		745C3E7E2C1927B300C0BE07 /* Frameworks */ = {
			isa = PBXFrameworksBuildPhase;
			buildActionMask = 2147483647;
			files = (
			);
			runOnlyForDeploymentPostprocessing = 0;
		};
		745C3E902C1927B400C0BE07 /* Frameworks */ = {
			isa = PBXFrameworksBuildPhase;
			buildActionMask = 2147483647;
			files = (
			);
			runOnlyForDeploymentPostprocessing = 0;
		};
		745C3E9A2C1927B400C0BE07 /* Frameworks */ = {
			isa = PBXFrameworksBuildPhase;
			buildActionMask = 2147483647;
			files = (
			);
			runOnlyForDeploymentPostprocessing = 0;
		};
		7B35772C26155F6900EC1A97 /* Frameworks */ = {
			isa = PBXFrameworksBuildPhase;
			buildActionMask = 2147483647;
			files = (
				7B35773B261560A700EC1A97 /* ArgumentParser in Frameworks */,
			);
			runOnlyForDeploymentPostprocessing = 0;
		};
/* End PBXFrameworksBuildPhase section */

/* Begin PBXGroup section */
		13329AE4E82D15B3A35CBB4C /* LICENSE */ = {
			isa = PBXGroup;
			children = (
				3AACFD8D2CBD36EDA66607F9 /* LICENSE.txt */,
				662F77A0D8C65CF208ABB917 /* ACKNOWLEDGEMENTS.txt */,
			);
			path = LICENSE;
			sourceTree = "<group>";
		};
		3FA622068595B839DAC9BC34 /* Configuration */ = {
			isa = PBXGroup;
			children = (
				7365C4E25C9381B7EBEE3701 /* SampleCode.xcconfig */,
			);
			name = Configuration;
			sourceTree = "<group>";
		};
		74521B392C305ED60047E82E /* Config */ = {
			isa = PBXGroup;
			children = (
				74521B372C305EAB0047E82E /* InputView.swift */,
				74521B352C305E8F0047E82E /* BoundingBoxSetupView.swift */,
				74521B332C305E820047E82E /* ConfigurationView.swift */,
			);
			path = Config;
			sourceTree = "<group>";
		};
		74521B3A2C305EE00047E82E /* 3d */ = {
			isa = PBXGroup;
			children = (
				746FCE5B2C22225900F5E4BC /* PizzaSceneView.swift */,
				74C64C572C28F92C00A81DB5 /* PizzaScene.swift */,
			);
			path = 3d;
			sourceTree = "<group>";
		};
		74521B3B2C305EE80047E82E /* Progress */ = {
			isa = PBXGroup;
			children = (
				74E0D6322C19F676008E1E77 /* ModelProgressView.swift */,
				74E0D6372C19F6CB008E1E77 /* ProcesssingView.swift */,
			);
			path = Progress;
			sourceTree = "<group>";
		};
		74521B412C30BDD90047E82E /* Frameworks */ = {
			isa = PBXGroup;
			children = (
			);
			name = Frameworks;
			sourceTree = "<group>";
		};
		745C3E822C1927B300C0BE07 /* PizzaPhotogrammetry */ = {
			isa = PBXGroup;
			children = (
				745C3E832C1927B300C0BE07 /* PizzaPhotogrammetryApp.swift */,
				7463576E2C1C9DEF005E54E1 /* Model.usdz */,
				74E0D6362C19F6A1008E1E77 /* Views */,
				746FCE5A2C1CC32A00F5E4BC /* Data */,
				745C3E892C1927B400C0BE07 /* Assets.xcassets */,
				745C3E8E2C1927B400C0BE07 /* PizzaPhotogrammetry.entitlements */,
				745C3E8B2C1927B400C0BE07 /* Preview Content */,
			);
			path = PizzaPhotogrammetry;
			sourceTree = "<group>";
		};
		745C3E8B2C1927B400C0BE07 /* Preview Content */ = {
			isa = PBXGroup;
			children = (
				745C3E8C2C1927B400C0BE07 /* Preview Assets.xcassets */,
			);
			path = "Preview Content";
			sourceTree = "<group>";
		};
		745C3E962C1927B400C0BE07 /* PizzaPhotogrammetryTests */ = {
			isa = PBXGroup;
			children = (
				745C3E972C1927B400C0BE07 /* PizzaPhotogrammetryTests.swift */,
			);
			path = PizzaPhotogrammetryTests;
			sourceTree = "<group>";
		};
		745C3EA02C1927B500C0BE07 /* PizzaPhotogrammetryUITests */ = {
			isa = PBXGroup;
			children = (
				745C3EA12C1927B500C0BE07 /* PizzaPhotogrammetryUITests.swift */,
				745C3EA32C1927B500C0BE07 /* PizzaPhotogrammetryUITestsLaunchTests.swift */,
			);
			path = PizzaPhotogrammetryUITests;
			sourceTree = "<group>";
		};
		746FCE5A2C1CC32A00F5E4BC /* Data */ = {
			isa = PBXGroup;
			children = (
				74521B312C30576E0047E82E /* RenderQueue.swift */,
				74521B3C2C3067560047E82E /* NotificationCenter.swift */,
				745060C32C18EBED009BAAD7 /* Photogrammetry.swift */,
				745C3E872C1927B300C0BE07 /* PhotogrammetryFolder.swift */,
				74467F312C1CB22D00CADD4A /* BoundingBox.swift */,
			);
			path = Data;
			sourceTree = "<group>";
		};
		746FCE5D2C2222A500F5E4BC /* Detail */ = {
			isa = PBXGroup;
			children = (
				74467F2F2C1CB1B300CADD4A /* DetailView.swift */,
				74521B392C305ED60047E82E /* Config */,
				74521B3A2C305EE00047E82E /* 3d */,
				74521B3B2C305EE80047E82E /* Progress */,
			);
			path = Detail;
			sourceTree = "<group>";
		};
		74E0D6362C19F6A1008E1E77 /* Views */ = {
			isa = PBXGroup;
			children = (
				745C3E852C1927B300C0BE07 /* ItemsToModelSplitView.swift */,
				74E0D6342C19F681008E1E77 /* NavigationCell.swift */,
				746FCE5D2C2222A500F5E4BC /* Detail */,
			);
			path = Views;
			sourceTree = "<group>";
		};
		7B35772626155F6900EC1A97 = {
			isa = PBXGroup;
			children = (
				7B357763261566B200EC1A97 /* README.md */,
				745C3E822C1927B300C0BE07 /* PizzaPhotogrammetry */,
				745C3E962C1927B400C0BE07 /* PizzaPhotogrammetryTests */,
				745C3EA02C1927B500C0BE07 /* PizzaPhotogrammetryUITests */,
				7B35773026155F6900EC1A97 /* Products */,
				3FA622068595B839DAC9BC34 /* Configuration */,
				13329AE4E82D15B3A35CBB4C /* LICENSE */,
				74521B412C30BDD90047E82E /* Frameworks */,
			);
			sourceTree = "<group>";
		};
		7B35773026155F6900EC1A97 /* Products */ = {
			isa = PBXGroup;
			children = (
				7B35772F26155F6900EC1A97 /* HelloPhotogrammetry */,
				745C3E812C1927B300C0BE07 /* PizzaPhotogrammetry.app */,
				745C3E932C1927B400C0BE07 /* PizzaPhotogrammetryTests.xctest */,
				745C3E9D2C1927B400C0BE07 /* PizzaPhotogrammetryUITests.xctest */,
			);
			name = Products;
			sourceTree = "<group>";
		};
/* End PBXGroup section */

/* Begin PBXNativeTarget section */
		745C3E802C1927B300C0BE07 /* PizzaPhotogrammetry */ = {
			isa = PBXNativeTarget;
			buildConfigurationList = 745C3EAB2C1927B500C0BE07 /* Build configuration list for PBXNativeTarget "PizzaPhotogrammetry" */;
			buildPhases = (
				745C3E7D2C1927B300C0BE07 /* Sources */,
				745C3E7E2C1927B300C0BE07 /* Frameworks */,
				745C3E7F2C1927B300C0BE07 /* Resources */,
			);
			buildRules = (
			);
			dependencies = (
			);
			name = PizzaPhotogrammetry;
			packageProductDependencies = (
			);
			productName = PizzaPhotogrammetry;
			productReference = 745C3E812C1927B300C0BE07 /* PizzaPhotogrammetry.app */;
			productType = "com.apple.product-type.application";
		};
		745C3E922C1927B400C0BE07 /* PizzaPhotogrammetryTests */ = {
			isa = PBXNativeTarget;
			buildConfigurationList = 745C3EAC2C1927B500C0BE07 /* Build configuration list for PBXNativeTarget "PizzaPhotogrammetryTests" */;
			buildPhases = (
				745C3E8F2C1927B400C0BE07 /* Sources */,
				745C3E902C1927B400C0BE07 /* Frameworks */,
				745C3E912C1927B400C0BE07 /* Resources */,
			);
			buildRules = (
			);
			dependencies = (
				745C3E952C1927B400C0BE07 /* PBXTargetDependency */,
			);
			name = PizzaPhotogrammetryTests;
			productName = PizzaPhotogrammetryTests;
			productReference = 745C3E932C1927B400C0BE07 /* PizzaPhotogrammetryTests.xctest */;
			productType = "com.apple.product-type.bundle.unit-test";
		};
		745C3E9C2C1927B400C0BE07 /* PizzaPhotogrammetryUITests */ = {
			isa = PBXNativeTarget;
			buildConfigurationList = 745C3EAD2C1927B500C0BE07 /* Build configuration list for PBXNativeTarget "PizzaPhotogrammetryUITests" */;
			buildPhases = (
				745C3E992C1927B400C0BE07 /* Sources */,
				745C3E9A2C1927B400C0BE07 /* Frameworks */,
				745C3E9B2C1927B400C0BE07 /* Resources */,
			);
			buildRules = (
			);
			dependencies = (
				745C3E9F2C1927B400C0BE07 /* PBXTargetDependency */,
			);
			name = PizzaPhotogrammetryUITests;
			productName = PizzaPhotogrammetryUITests;
			productReference = 745C3E9D2C1927B400C0BE07 /* PizzaPhotogrammetryUITests.xctest */;
			productType = "com.apple.product-type.bundle.ui-testing";
		};
		7B35772E26155F6900EC1A97 /* HelloPhotogrammetry */ = {
			isa = PBXNativeTarget;
			buildConfigurationList = 7B35773626155F6900EC1A97 /* Build configuration list for PBXNativeTarget "HelloPhotogrammetry" */;
			buildPhases = (
				7B35772B26155F6900EC1A97 /* Sources */,
				7B35772C26155F6900EC1A97 /* Frameworks */,
				7B35772D26155F6900EC1A97 /* CopyFiles */,
			);
			buildRules = (
			);
			dependencies = (
			);
			name = HelloPhotogrammetry;
			packageProductDependencies = (
				7B35773A261560A700EC1A97 /* ArgumentParser */,
			);
			productName = HelloPhotogrammetry;
			productReference = 7B35772F26155F6900EC1A97 /* HelloPhotogrammetry */;
			productType = "com.apple.product-type.tool";
		};
/* End PBXNativeTarget section */

/* Begin PBXProject section */
		7B35772726155F6900EC1A97 /* Project object */ = {
			isa = PBXProject;
			attributes = {
				DefaultBuildSystemTypeForWorkspace = Latest;
				LastSwiftUpdateCheck = 1540;
				LastUpgradeCheck = 1400;
				ORGANIZATIONNAME = Apple;
				TargetAttributes = {
					745C3E802C1927B300C0BE07 = {
						CreatedOnToolsVersion = 15.4;
					};
					745C3E922C1927B400C0BE07 = {
						CreatedOnToolsVersion = 15.4;
						TestTargetID = 745C3E802C1927B300C0BE07;
					};
					745C3E9C2C1927B400C0BE07 = {
						CreatedOnToolsVersion = 15.4;
						TestTargetID = 745C3E802C1927B300C0BE07;
					};
					7B35772E26155F6900EC1A97 = {
						CreatedOnToolsVersion = 12.5;
					};
				};
			};
			buildConfigurationList = 7B35772A26155F6900EC1A97 /* Build configuration list for PBXProject "HelloPhotogrammetry" */;
			compatibilityVersion = "Xcode 9.3";
			developmentRegion = en;
			hasScannedForEncodings = 0;
			knownRegions = (
				en,
				Base,
			);
			mainGroup = 7B35772626155F6900EC1A97;
			packageReferences = (
				7B357739261560A700EC1A97 /* XCRemoteSwiftPackageReference "swift-argument-parser" */,
			);
			productRefGroup = 7B35773026155F6900EC1A97 /* Products */;
			projectDirPath = "";
			projectRoot = "";
			targets = (
				7B35772E26155F6900EC1A97 /* HelloPhotogrammetry */,
				745C3E802C1927B300C0BE07 /* PizzaPhotogrammetry */,
				745C3E922C1927B400C0BE07 /* PizzaPhotogrammetryTests */,
				745C3E9C2C1927B400C0BE07 /* PizzaPhotogrammetryUITests */,
			);
		};
/* End PBXProject section */

/* Begin PBXResourcesBuildPhase section */
		745C3E7F2C1927B300C0BE07 /* Resources */ = {
			isa = PBXResourcesBuildPhase;
			buildActionMask = 2147483647;
			files = (
				745C3E8D2C1927B400C0BE07 /* Preview Assets.xcassets in Resources */,
				745C3E8A2C1927B400C0BE07 /* Assets.xcassets in Resources */,
				7463576F2C1C9DEF005E54E1 /* Model.usdz in Resources */,
			);
			runOnlyForDeploymentPostprocessing = 0;
		};
		745C3E912C1927B400C0BE07 /* Resources */ = {
			isa = PBXResourcesBuildPhase;
			buildActionMask = 2147483647;
			files = (
			);
			runOnlyForDeploymentPostprocessing = 0;
		};
		745C3E9B2C1927B400C0BE07 /* Resources */ = {
			isa = PBXResourcesBuildPhase;
			buildActionMask = 2147483647;
			files = (
			);
			runOnlyForDeploymentPostprocessing = 0;
		};
/* End PBXResourcesBuildPhase section */

/* Begin PBXSourcesBuildPhase section */
		745C3E7D2C1927B300C0BE07 /* Sources */ = {
			isa = PBXSourcesBuildPhase;
			buildActionMask = 2147483647;
			files = (
				74E0D6382C19F6CB008E1E77 /* ProcesssingView.swift in Sources */,
				745C3EAE2C1927BD00C0BE07 /* Photogrammetry.swift in Sources */,
				74521B362C305E8F0047E82E /* BoundingBoxSetupView.swift in Sources */,
				745C3E862C1927B300C0BE07 /* ItemsToModelSplitView.swift in Sources */,
				74467F322C1CB22D00CADD4A /* BoundingBox.swift in Sources */,
				745C3E882C1927B300C0BE07 /* PhotogrammetryFolder.swift in Sources */,
				746FCE5C2C22225900F5E4BC /* PizzaSceneView.swift in Sources */,
				74E0D6332C19F676008E1E77 /* ModelProgressView.swift in Sources */,
				745C3E842C1927B300C0BE07 /* PizzaPhotogrammetryApp.swift in Sources */,
				74467F302C1CB1B300CADD4A /* DetailView.swift in Sources */,
				74521B322C3057820047E82E /* RenderQueue.swift in Sources */,
				74521B3D2C3067560047E82E /* NotificationCenter.swift in Sources */,
				74521B342C305E820047E82E /* ConfigurationView.swift in Sources */,
				74521B382C305EAB0047E82E /* InputView.swift in Sources */,
				74C64C582C28F92C00A81DB5 /* PizzaScene.swift in Sources */,
				74E0D6352C19F681008E1E77 /* NavigationCell.swift in Sources */,
			);
			runOnlyForDeploymentPostprocessing = 0;
		};
		745C3E8F2C1927B400C0BE07 /* Sources */ = {
			isa = PBXSourcesBuildPhase;
			buildActionMask = 2147483647;
			files = (
				745C3E982C1927B400C0BE07 /* PizzaPhotogrammetryTests.swift in Sources */,
			);
			runOnlyForDeploymentPostprocessing = 0;
		};
		745C3E992C1927B400C0BE07 /* Sources */ = {
			isa = PBXSourcesBuildPhase;
			buildActionMask = 2147483647;
			files = (
				745C3EA22C1927B500C0BE07 /* PizzaPhotogrammetryUITests.swift in Sources */,
				745C3EA42C1927B500C0BE07 /* PizzaPhotogrammetryUITestsLaunchTests.swift in Sources */,
			);
			runOnlyForDeploymentPostprocessing = 0;
		};
		7B35772B26155F6900EC1A97 /* Sources */ = {
			isa = PBXSourcesBuildPhase;
			buildActionMask = 2147483647;
			files = (
			);
			runOnlyForDeploymentPostprocessing = 0;
		};
/* End PBXSourcesBuildPhase section */

/* Begin PBXTargetDependency section */
		745C3E952C1927B400C0BE07 /* PBXTargetDependency */ = {
			isa = PBXTargetDependency;
			target = 745C3E802C1927B300C0BE07 /* PizzaPhotogrammetry */;
			targetProxy = 745C3E942C1927B400C0BE07 /* PBXContainerItemProxy */;
		};
		745C3E9F2C1927B400C0BE07 /* PBXTargetDependency */ = {
			isa = PBXTargetDependency;
			target = 745C3E802C1927B300C0BE07 /* PizzaPhotogrammetry */;
			targetProxy = 745C3E9E2C1927B400C0BE07 /* PBXContainerItemProxy */;
		};
/* End PBXTargetDependency section */

/* Begin XCBuildConfiguration section */
		745C3EA52C1927B500C0BE07 /* Debug */ = {
			isa = XCBuildConfiguration;
			buildSettings = {
				ASSETCATALOG_COMPILER_APPICON_NAME = AppIcon;
				ASSETCATALOG_COMPILER_GENERATE_SWIFT_ASSET_SYMBOL_EXTENSIONS = YES;
				ASSETCATALOG_COMPILER_GLOBAL_ACCENT_COLOR_NAME = AccentColor;
				CLANG_CXX_LANGUAGE_STANDARD = "gnu++20";
				CODE_SIGN_ENTITLEMENTS = PizzaPhotogrammetry/PizzaPhotogrammetry.entitlements;
				CODE_SIGN_STYLE = Automatic;
				COMBINE_HIDPI_IMAGES = YES;
				CURRENT_PROJECT_VERSION = 1;
				DEVELOPMENT_ASSET_PATHS = "\"PizzaPhotogrammetry/Preview Content\"";
				DEVELOPMENT_TEAM = HL3C4F29U9;
				ENABLE_HARDENED_RUNTIME = YES;
				ENABLE_PREVIEWS = YES;
				ENABLE_USER_SCRIPT_SANDBOXING = YES;
				GCC_C_LANGUAGE_STANDARD = gnu17;
				GENERATE_INFOPLIST_FILE = YES;
				INFOPLIST_KEY_NSHumanReadableCopyright = "Copyright © 2024 Apple. All rights reserved.";
				LD_RUNPATH_SEARCH_PATHS = (
					"$(inherited)",
					"@executable_path/../Frameworks",
				);
				LOCALIZATION_PREFERS_STRING_CATALOGS = YES;
				MACOSX_DEPLOYMENT_TARGET = 14.4;
				MARKETING_VERSION = 1.0;
				PRODUCT_BUNDLE_IDENTIFIER = com.dodobrands.PizzaPhotogrammetry;
				PRODUCT_NAME = "$(TARGET_NAME)";
				SWIFT_ACTIVE_COMPILATION_CONDITIONS = "DEBUG $(inherited)";
				SWIFT_EMIT_LOC_STRINGS = YES;
				SWIFT_VERSION = 5.0;
			};
			name = Debug;
		};
		745C3EA62C1927B500C0BE07 /* Release */ = {
			isa = XCBuildConfiguration;
			buildSettings = {
				ASSETCATALOG_COMPILER_APPICON_NAME = AppIcon;
				ASSETCATALOG_COMPILER_GENERATE_SWIFT_ASSET_SYMBOL_EXTENSIONS = YES;
				ASSETCATALOG_COMPILER_GLOBAL_ACCENT_COLOR_NAME = AccentColor;
				CLANG_CXX_LANGUAGE_STANDARD = "gnu++20";
				CODE_SIGN_ENTITLEMENTS = PizzaPhotogrammetry/PizzaPhotogrammetry.entitlements;
				CODE_SIGN_STYLE = Automatic;
				COMBINE_HIDPI_IMAGES = YES;
				CURRENT_PROJECT_VERSION = 1;
				DEVELOPMENT_ASSET_PATHS = "\"PizzaPhotogrammetry/Preview Content\"";
				DEVELOPMENT_TEAM = HL3C4F29U9;
				ENABLE_HARDENED_RUNTIME = YES;
				ENABLE_PREVIEWS = YES;
				ENABLE_USER_SCRIPT_SANDBOXING = YES;
				GCC_C_LANGUAGE_STANDARD = gnu17;
				GENERATE_INFOPLIST_FILE = YES;
				INFOPLIST_KEY_NSHumanReadableCopyright = "Copyright © 2024 Apple. All rights reserved.";
				LD_RUNPATH_SEARCH_PATHS = (
					"$(inherited)",
					"@executable_path/../Frameworks",
				);
				LOCALIZATION_PREFERS_STRING_CATALOGS = YES;
				MACOSX_DEPLOYMENT_TARGET = 14.4;
				MARKETING_VERSION = 1.0;
				PRODUCT_BUNDLE_IDENTIFIER = com.dodobrands.PizzaPhotogrammetry;
				PRODUCT_NAME = "$(TARGET_NAME)";
				SWIFT_EMIT_LOC_STRINGS = YES;
				SWIFT_VERSION = 5.0;
			};
			name = Release;
		};
		745C3EA72C1927B500C0BE07 /* Debug */ = {
			isa = XCBuildConfiguration;
			buildSettings = {
				ALWAYS_EMBED_SWIFT_STANDARD_LIBRARIES = YES;
				ASSETCATALOG_COMPILER_GENERATE_SWIFT_ASSET_SYMBOL_EXTENSIONS = YES;
				BUNDLE_LOADER = "$(TEST_HOST)";
				CLANG_CXX_LANGUAGE_STANDARD = "gnu++20";
				CODE_SIGN_STYLE = Automatic;
				CURRENT_PROJECT_VERSION = 1;
				DEVELOPMENT_TEAM = HL3C4F29U9;
				ENABLE_USER_SCRIPT_SANDBOXING = YES;
				GCC_C_LANGUAGE_STANDARD = gnu17;
				GENERATE_INFOPLIST_FILE = YES;
				LOCALIZATION_PREFERS_STRING_CATALOGS = YES;
				MACOSX_DEPLOYMENT_TARGET = 14.4;
				MARKETING_VERSION = 1.0;
				PRODUCT_BUNDLE_IDENTIFIER = com.dodobrands.PizzaPhotogrammetryTests;
				PRODUCT_NAME = "$(TARGET_NAME)";
				SWIFT_ACTIVE_COMPILATION_CONDITIONS = "DEBUG $(inherited)";
				SWIFT_EMIT_LOC_STRINGS = NO;
				SWIFT_VERSION = 5.0;
				TEST_HOST = "$(BUILT_PRODUCTS_DIR)/PizzaPhotogrammetry.app/$(BUNDLE_EXECUTABLE_FOLDER_PATH)/PizzaPhotogrammetry";
			};
			name = Debug;
		};
		745C3EA82C1927B500C0BE07 /* Release */ = {
			isa = XCBuildConfiguration;
			buildSettings = {
				ALWAYS_EMBED_SWIFT_STANDARD_LIBRARIES = YES;
				ASSETCATALOG_COMPILER_GENERATE_SWIFT_ASSET_SYMBOL_EXTENSIONS = YES;
				BUNDLE_LOADER = "$(TEST_HOST)";
				CLANG_CXX_LANGUAGE_STANDARD = "gnu++20";
				CODE_SIGN_STYLE = Automatic;
				CURRENT_PROJECT_VERSION = 1;
				DEVELOPMENT_TEAM = HL3C4F29U9;
				ENABLE_USER_SCRIPT_SANDBOXING = YES;
				GCC_C_LANGUAGE_STANDARD = gnu17;
				GENERATE_INFOPLIST_FILE = YES;
				LOCALIZATION_PREFERS_STRING_CATALOGS = YES;
				MACOSX_DEPLOYMENT_TARGET = 14.4;
				MARKETING_VERSION = 1.0;
				PRODUCT_BUNDLE_IDENTIFIER = com.dodobrands.PizzaPhotogrammetryTests;
				PRODUCT_NAME = "$(TARGET_NAME)";
				SWIFT_EMIT_LOC_STRINGS = NO;
				SWIFT_VERSION = 5.0;
				TEST_HOST = "$(BUILT_PRODUCTS_DIR)/PizzaPhotogrammetry.app/$(BUNDLE_EXECUTABLE_FOLDER_PATH)/PizzaPhotogrammetry";
			};
			name = Release;
		};
		745C3EA92C1927B500C0BE07 /* Debug */ = {
			isa = XCBuildConfiguration;
			buildSettings = {
				ALWAYS_EMBED_SWIFT_STANDARD_LIBRARIES = YES;
				ASSETCATALOG_COMPILER_GENERATE_SWIFT_ASSET_SYMBOL_EXTENSIONS = YES;
				CLANG_CXX_LANGUAGE_STANDARD = "gnu++20";
				CODE_SIGN_STYLE = Automatic;
				CURRENT_PROJECT_VERSION = 1;
				DEVELOPMENT_TEAM = HL3C4F29U9;
				ENABLE_USER_SCRIPT_SANDBOXING = YES;
				GCC_C_LANGUAGE_STANDARD = gnu17;
				GENERATE_INFOPLIST_FILE = YES;
				LOCALIZATION_PREFERS_STRING_CATALOGS = YES;
				MACOSX_DEPLOYMENT_TARGET = 14.4;
				MARKETING_VERSION = 1.0;
				PRODUCT_BUNDLE_IDENTIFIER = com.dodobrands.PizzaPhotogrammetryUITests;
				PRODUCT_NAME = "$(TARGET_NAME)";
				SWIFT_ACTIVE_COMPILATION_CONDITIONS = "DEBUG $(inherited)";
				SWIFT_EMIT_LOC_STRINGS = NO;
				SWIFT_VERSION = 5.0;
				TEST_TARGET_NAME = PizzaPhotogrammetry;
			};
			name = Debug;
		};
		745C3EAA2C1927B500C0BE07 /* Release */ = {
			isa = XCBuildConfiguration;
			buildSettings = {
				ALWAYS_EMBED_SWIFT_STANDARD_LIBRARIES = YES;
				ASSETCATALOG_COMPILER_GENERATE_SWIFT_ASSET_SYMBOL_EXTENSIONS = YES;
				CLANG_CXX_LANGUAGE_STANDARD = "gnu++20";
				CODE_SIGN_STYLE = Automatic;
				CURRENT_PROJECT_VERSION = 1;
				DEVELOPMENT_TEAM = HL3C4F29U9;
				ENABLE_USER_SCRIPT_SANDBOXING = YES;
				GCC_C_LANGUAGE_STANDARD = gnu17;
				GENERATE_INFOPLIST_FILE = YES;
				LOCALIZATION_PREFERS_STRING_CATALOGS = YES;
				MACOSX_DEPLOYMENT_TARGET = 14.4;
				MARKETING_VERSION = 1.0;
				PRODUCT_BUNDLE_IDENTIFIER = com.dodobrands.PizzaPhotogrammetryUITests;
				PRODUCT_NAME = "$(TARGET_NAME)";
				SWIFT_EMIT_LOC_STRINGS = NO;
				SWIFT_VERSION = 5.0;
				TEST_TARGET_NAME = PizzaPhotogrammetry;
			};
			name = Release;
		};
		7B35773426155F6900EC1A97 /* Debug */ = {
			isa = XCBuildConfiguration;
			baseConfigurationReference = 7365C4E25C9381B7EBEE3701 /* SampleCode.xcconfig */;
			buildSettings = {
				ALWAYS_SEARCH_USER_PATHS = NO;
				CLANG_ANALYZER_NONNULL = YES;
				CLANG_ANALYZER_NUMBER_OBJECT_CONVERSION = YES_AGGRESSIVE;
				CLANG_CXX_LANGUAGE_STANDARD = "gnu++14";
				CLANG_CXX_LIBRARY = "libc++";
				CLANG_ENABLE_MODULES = YES;
				CLANG_ENABLE_OBJC_ARC = YES;
				CLANG_ENABLE_OBJC_WEAK = YES;
				CLANG_WARN_BLOCK_CAPTURE_AUTORELEASING = YES;
				CLANG_WARN_BOOL_CONVERSION = YES;
				CLANG_WARN_COMMA = YES;
				CLANG_WARN_CONSTANT_CONVERSION = YES;
				CLANG_WARN_DEPRECATED_OBJC_IMPLEMENTATIONS = YES;
				CLANG_WARN_DIRECT_OBJC_ISA_USAGE = YES_ERROR;
				CLANG_WARN_DOCUMENTATION_COMMENTS = YES;
				CLANG_WARN_EMPTY_BODY = YES;
				CLANG_WARN_ENUM_CONVERSION = YES;
				CLANG_WARN_INFINITE_RECURSION = YES;
				CLANG_WARN_INT_CONVERSION = YES;
				CLANG_WARN_NON_LITERAL_NULL_CONVERSION = YES;
				CLANG_WARN_OBJC_IMPLICIT_RETAIN_SELF = YES;
				CLANG_WARN_OBJC_LITERAL_CONVERSION = YES;
				CLANG_WARN_OBJC_ROOT_CLASS = YES_ERROR;
				CLANG_WARN_QUOTED_INCLUDE_IN_FRAMEWORK_HEADER = YES;
				CLANG_WARN_RANGE_LOOP_ANALYSIS = YES;
				CLANG_WARN_STRICT_PROTOTYPES = YES;
				CLANG_WARN_SUSPICIOUS_MOVE = YES;
				CLANG_WARN_UNGUARDED_AVAILABILITY = YES_AGGRESSIVE;
				CLANG_WARN_UNREACHABLE_CODE = YES;
				CLANG_WARN__DUPLICATE_METHOD_MATCH = YES;
				COPY_PHASE_STRIP = NO;
				DEAD_CODE_STRIPPING = YES;
				DEBUG_INFORMATION_FORMAT = dwarf;
				ENABLE_STRICT_OBJC_MSGSEND = YES;
				ENABLE_TESTABILITY = YES;
				GCC_C_LANGUAGE_STANDARD = gnu11;
				GCC_DYNAMIC_NO_PIC = NO;
				GCC_NO_COMMON_BLOCKS = YES;
				GCC_OPTIMIZATION_LEVEL = 0;
				GCC_PREPROCESSOR_DEFINITIONS = (
					"DEBUG=1",
					"$(inherited)",
				);
				GCC_WARN_64_TO_32_BIT_CONVERSION = YES;
				GCC_WARN_ABOUT_RETURN_TYPE = YES_ERROR;
				GCC_WARN_UNDECLARED_SELECTOR = YES;
				GCC_WARN_UNINITIALIZED_AUTOS = YES_AGGRESSIVE;
				GCC_WARN_UNUSED_FUNCTION = YES;
				GCC_WARN_UNUSED_VARIABLE = YES;
				MACOSX_DEPLOYMENT_TARGET = 13.0;
				MTL_ENABLE_DEBUG_INFO = INCLUDE_SOURCE;
				MTL_FAST_MATH = YES;
				ONLY_ACTIVE_ARCH = YES;
				SDKROOT = macosx;
				SWIFT_ACTIVE_COMPILATION_CONDITIONS = DEBUG;
				SWIFT_OPTIMIZATION_LEVEL = "-Onone";
			};
			name = Debug;
		};
		7B35773526155F6900EC1A97 /* Release */ = {
			isa = XCBuildConfiguration;
			baseConfigurationReference = 7365C4E25C9381B7EBEE3701 /* SampleCode.xcconfig */;
			buildSettings = {
				ALWAYS_SEARCH_USER_PATHS = NO;
				CLANG_ANALYZER_NONNULL = YES;
				CLANG_ANALYZER_NUMBER_OBJECT_CONVERSION = YES_AGGRESSIVE;
				CLANG_CXX_LANGUAGE_STANDARD = "gnu++14";
				CLANG_CXX_LIBRARY = "libc++";
				CLANG_ENABLE_MODULES = YES;
				CLANG_ENABLE_OBJC_ARC = YES;
				CLANG_ENABLE_OBJC_WEAK = YES;
				CLANG_WARN_BLOCK_CAPTURE_AUTORELEASING = YES;
				CLANG_WARN_BOOL_CONVERSION = YES;
				CLANG_WARN_COMMA = YES;
				CLANG_WARN_CONSTANT_CONVERSION = YES;
				CLANG_WARN_DEPRECATED_OBJC_IMPLEMENTATIONS = YES;
				CLANG_WARN_DIRECT_OBJC_ISA_USAGE = YES_ERROR;
				CLANG_WARN_DOCUMENTATION_COMMENTS = YES;
				CLANG_WARN_EMPTY_BODY = YES;
				CLANG_WARN_ENUM_CONVERSION = YES;
				CLANG_WARN_INFINITE_RECURSION = YES;
				CLANG_WARN_INT_CONVERSION = YES;
				CLANG_WARN_NON_LITERAL_NULL_CONVERSION = YES;
				CLANG_WARN_OBJC_IMPLICIT_RETAIN_SELF = YES;
				CLANG_WARN_OBJC_LITERAL_CONVERSION = YES;
				CLANG_WARN_OBJC_ROOT_CLASS = YES_ERROR;
				CLANG_WARN_QUOTED_INCLUDE_IN_FRAMEWORK_HEADER = YES;
				CLANG_WARN_RANGE_LOOP_ANALYSIS = YES;
				CLANG_WARN_STRICT_PROTOTYPES = YES;
				CLANG_WARN_SUSPICIOUS_MOVE = YES;
				CLANG_WARN_UNGUARDED_AVAILABILITY = YES_AGGRESSIVE;
				CLANG_WARN_UNREACHABLE_CODE = YES;
				CLANG_WARN__DUPLICATE_METHOD_MATCH = YES;
				COPY_PHASE_STRIP = NO;
				DEAD_CODE_STRIPPING = YES;
				DEBUG_INFORMATION_FORMAT = "dwarf-with-dsym";
				ENABLE_NS_ASSERTIONS = NO;
				ENABLE_STRICT_OBJC_MSGSEND = YES;
				GCC_C_LANGUAGE_STANDARD = gnu11;
				GCC_NO_COMMON_BLOCKS = YES;
				GCC_WARN_64_TO_32_BIT_CONVERSION = YES;
				GCC_WARN_ABOUT_RETURN_TYPE = YES_ERROR;
				GCC_WARN_UNDECLARED_SELECTOR = YES;
				GCC_WARN_UNINITIALIZED_AUTOS = YES_AGGRESSIVE;
				GCC_WARN_UNUSED_FUNCTION = YES;
				GCC_WARN_UNUSED_VARIABLE = YES;
				MACOSX_DEPLOYMENT_TARGET = 13.0;
				MTL_ENABLE_DEBUG_INFO = NO;
				MTL_FAST_MATH = YES;
				SDKROOT = macosx;
				SWIFT_COMPILATION_MODE = wholemodule;
				SWIFT_OPTIMIZATION_LEVEL = "-O";
			};
			name = Release;
		};
		7B35773726155F6900EC1A97 /* Debug */ = {
			isa = XCBuildConfiguration;
			baseConfigurationReference = 7365C4E25C9381B7EBEE3701 /* SampleCode.xcconfig */;
			buildSettings = {
				CODE_SIGN_IDENTITY = "Mac Developer";
				CODE_SIGN_STYLE = Automatic;
				DEAD_CODE_STRIPPING = YES;
				DEVELOPMENT_TEAM = P67Q4Q7HA9;
				ENABLE_HARDENED_RUNTIME = YES;
				MACOSX_DEPLOYMENT_TARGET = 13.0;
				PRODUCT_BUNDLE_IDENTIFIER = "com.example.apple-samplecode.HelloPhotogrammetry${SAMPLE_CODE_DISAMBIGUATOR}";
				PRODUCT_NAME = "$(TARGET_NAME)";
				PROVISIONING_PROFILE_SPECIFIER = "";
				SWIFT_VERSION = 5.0;
			};
			name = Debug;
		};
		7B35773826155F6900EC1A97 /* Release */ = {
			isa = XCBuildConfiguration;
			baseConfigurationReference = 7365C4E25C9381B7EBEE3701 /* SampleCode.xcconfig */;
			buildSettings = {
				CODE_SIGN_IDENTITY = "Mac Developer";
				CODE_SIGN_STYLE = Automatic;
				DEAD_CODE_STRIPPING = YES;
				DEVELOPMENT_TEAM = P67Q4Q7HA9;
				ENABLE_HARDENED_RUNTIME = YES;
				MACOSX_DEPLOYMENT_TARGET = 13.0;
				PRODUCT_BUNDLE_IDENTIFIER = "com.example.apple-samplecode.HelloPhotogrammetry${SAMPLE_CODE_DISAMBIGUATOR}";
				PRODUCT_NAME = "$(TARGET_NAME)";
				PROVISIONING_PROFILE_SPECIFIER = "";
				SWIFT_VERSION = 5.0;
			};
			name = Release;
		};
/* End XCBuildConfiguration section */

/* Begin XCConfigurationList section */
		745C3EAB2C1927B500C0BE07 /* Build configuration list for PBXNativeTarget "PizzaPhotogrammetry" */ = {
			isa = XCConfigurationList;
			buildConfigurations = (
				745C3EA52C1927B500C0BE07 /* Debug */,
				745C3EA62C1927B500C0BE07 /* Release */,
			);
			defaultConfigurationIsVisible = 0;
			defaultConfigurationName = Release;
		};
		745C3EAC2C1927B500C0BE07 /* Build configuration list for PBXNativeTarget "PizzaPhotogrammetryTests" */ = {
			isa = XCConfigurationList;
			buildConfigurations = (
				745C3EA72C1927B500C0BE07 /* Debug */,
				745C3EA82C1927B500C0BE07 /* Release */,
			);
			defaultConfigurationIsVisible = 0;
			defaultConfigurationName = Release;
		};
		745C3EAD2C1927B500C0BE07 /* Build configuration list for PBXNativeTarget "PizzaPhotogrammetryUITests" */ = {
			isa = XCConfigurationList;
			buildConfigurations = (
				745C3EA92C1927B500C0BE07 /* Debug */,
				745C3EAA2C1927B500C0BE07 /* Release */,
			);
			defaultConfigurationIsVisible = 0;
			defaultConfigurationName = Release;
		};
		7B35772A26155F6900EC1A97 /* Build configuration list for PBXProject "HelloPhotogrammetry" */ = {
			isa = XCConfigurationList;
			buildConfigurations = (
				7B35773426155F6900EC1A97 /* Debug */,
				7B35773526155F6900EC1A97 /* Release */,
			);
			defaultConfigurationIsVisible = 0;
			defaultConfigurationName = Release;
		};
		7B35773626155F6900EC1A97 /* Build configuration list for PBXNativeTarget "HelloPhotogrammetry" */ = {
			isa = XCConfigurationList;
			buildConfigurations = (
				7B35773726155F6900EC1A97 /* Debug */,
				7B35773826155F6900EC1A97 /* Release */,
			);
			defaultConfigurationIsVisible = 0;
			defaultConfigurationName = Release;
		};
/* End XCConfigurationList section */

/* Begin XCRemoteSwiftPackageReference section */
		7B357739261560A700EC1A97 /* XCRemoteSwiftPackageReference "swift-argument-parser" */ = {
			isa = XCRemoteSwiftPackageReference;
			repositoryURL = "https://github.com/apple/swift-argument-parser";
			requirement = {
				kind = upToNextMajorVersion;
				minimumVersion = 0.4.1;
			};
		};
/* End XCRemoteSwiftPackageReference section */

/* Begin XCSwiftPackageProductDependency section */
		7B35773A261560A700EC1A97 /* ArgumentParser */ = {
			isa = XCSwiftPackageProductDependency;
			package = 7B357739261560A700EC1A97 /* XCRemoteSwiftPackageReference "swift-argument-parser" */;
			productName = ArgumentParser;
		};
/* End XCSwiftPackageProductDependency section */
	};
	rootObject = 7B35772726155F6900EC1A97 /* Project object */;
}
